
Microsoft Visual Studio Solution File, Format Version 12.00
# Visual Studio Version 16
VisualStudioVersion = 16.0.29209.62
MinimumVisualStudioVersion = 10.0.40219.1
Project("{2150E333-8FDC-42A3-9474-1A3956D46DE8}") = "UI", "UI", "{8FF3843A-B2F5-44DD-B35B-4EEEADBC0655}"
EndProject
Project("{2150E333-8FDC-42A3-9474-1A3956D46DE8}") = "Infrastructure", "Infrastructure", "{0E1701B8-0859-4144-94FC-684F429B0440}"
EndProject
Project("{2150E333-8FDC-42A3-9474-1A3956D46DE8}") = "Core", "Core", "{CD6534DF-EC19-4106-B3F6-4F1D626140B4}"
EndProject
Project("{9A19103F-16F7-4668-BE54-9A1E7A4F7556}") = "PetShopApp.Core", "PetShopApp.Core\PetShopApp.Core.csproj", "{41F2DCDC-E704-430A-B66E-7FAEF0B51B80}"
EndProject
Project("{9A19103F-16F7-4668-BE54-9A1E7A4F7556}") = "PetShopApp.Core.Entity", "PetShopApp.Core.Entity\PetShopApp.Core.Entity.csproj", "{0908FFE8-557E-4F0A-A67A-65B0BFC2E7BF}"
EndProject
Project("{9A19103F-16F7-4668-BE54-9A1E7A4F7556}") = "PetShopApp.UI.WebApp", "PetShopApp.UI.WebApp\PetShopApp.UI.WebApp.csproj", "{661E1089-54FA-4BB6-A4E9-4B2079204E60}"
EndProject
Project("{9A19103F-16F7-4668-BE54-9A1E7A4F7556}") = "PetShopApp.Infrastructure.SQL", "PetShopApp.Infrastructure.DataWithEntityFrameWork\PetShopApp.Infrastructure.SQL.csproj", "{AD89B4AE-896B-4A78-B940-967CF4650C6D}"
EndProject
Global
	GlobalSection(SolutionConfigurationPlatforms) = preSolution
		Debug|Any CPU = Debug|Any CPU
		Release|Any CPU = Release|Any CPU
	EndGlobalSection
	GlobalSection(ProjectConfigurationPlatforms) = postSolution
		{41F2DCDC-E704-430A-B66E-7FAEF0B51B80}.Debug|Any CPU.ActiveCfg = Debug|Any CPU
		{41F2DCDC-E704-430A-B66E-7FAEF0B51B80}.Debug|Any CPU.Build.0 = Debug|Any CPU
		{41F2DCDC-E704-430A-B66E-7FAEF0B51B80}.Release|Any CPU.ActiveCfg = Release|Any CPU
		{41F2DCDC-E704-430A-B66E-7FAEF0B51B80}.Release|Any CPU.Build.0 = Release|Any CPU
		{0908FFE8-557E-4F0A-A67A-65B0BFC2E7BF}.Debug|Any CPU.ActiveCfg = Debug|Any CPU
		{0908FFE8-557E-4F0A-A67A-65B0BFC2E7BF}.Debug|Any CPU.Build.0 = Debug|Any CPU
		{0908FFE8-557E-4F0A-A67A-65B0BFC2E7BF}.Release|Any CPU.ActiveCfg = Release|Any CPU
		{0908FFE8-557E-4F0A-A67A-65B0BFC2E7BF}.Release|Any CPU.Build.0 = Release|Any CPU
		{661E1089-54FA-4BB6-A4E9-4B2079204E60}.Debug|Any CPU.ActiveCfg = Debug|Any CPU
		{661E1089-54FA-4BB6-A4E9-4B2079204E60}.Debug|Any CPU.Build.0 = Debug|Any CPU
		{661E1089-54FA-4BB6-A4E9-4B2079204E60}.Release|Any CPU.ActiveCfg = Release|Any CPU
		{661E1089-54FA-4BB6-A4E9-4B2079204E60}.Release|Any CPU.Build.0 = Release|Any CPU
		{AD89B4AE-896B-4A78-B940-967CF4650C6D}.Debug|Any CPU.ActiveCfg = Debug|Any CPU
		{AD89B4AE-896B-4A78-B940-967CF4650C6D}.Debug|Any CPU.Build.0 = Debug|Any CPU
		{AD89B4AE-896B-4A78-B940-967CF4650C6D}.Release|Any CPU.ActiveCfg = Release|Any CPU
		{AD89B4AE-896B-4A78-B940-967CF4650C6D}.Release|Any CPU.Build.0 = Release|Any CPU
	EndGlobalSection
	GlobalSection(SolutionProperties) = preSolution
		HideSolutionNode = FALSE
	EndGlobalSection
	GlobalSection(NestedProjects) = preSolution
		{41F2DCDC-E704-430A-B66E-7FAEF0B51B80} = {CD6534DF-EC19-4106-B3F6-4F1D626140B4}
		{0908FFE8-557E-4F0A-A67A-65B0BFC2E7BF} = {CD6534DF-EC19-4106-B3F6-4F1D626140B4}
		{661E1089-54FA-4BB6-A4E9-4B2079204E60} = {8FF3843A-B2F5-44DD-B35B-4EEEADBC0655}
		{AD89B4AE-896B-4A78-B940-967CF4650C6D} = {0E1701B8-0859-4144-94FC-684F429B0440}
	EndGlobalSection
	GlobalSection(ExtensibilityGlobals) = postSolution
		SolutionGuid = {A3D67EB9-46DF-4577-810C-EB5EF4A47A65}
	EndGlobalSection
EndGlobal
